
Microsoft Visual Studio Solution File, Format Version 12.00
# Visual Studio 15
VisualStudioVersion = 15.0.26730.15
MinimumVisualStudioVersion = 10.0.40219.1
Project("{FAE04EC0-301F-11D3-BF4B-00C04F79EFBC}") = "Bookish.ConsoleApp", "Bookish.ConsoleApp\Bookish.ConsoleApp.csproj", "{B66DFD11-2130-4F62-8277-BE73BED79BD2}"
EndProject
Project("{FAE04EC0-301F-11D3-BF4B-00C04F79EFBC}") = "Bookish.DataAccess", "Bookish.DataAccess\Bookish.DataAccess.csproj", "{AEA59B0E-68F8-48E6-9CF6-086578B5211E}"
EndProject
Project("{FAE04EC0-301F-11D3-BF4B-00C04F79EFBC}") = "Bookish.Web", "Bookish.Web\Bookish.Web.csproj", "{5F33E219-1838-4114-9107-C98C8CF006EC}"
EndProject
Global
	GlobalSection(SolutionConfigurationPlatforms) = preSolution
		Debug|Any CPU = Debug|Any CPU
		Release|Any CPU = Release|Any CPU
	EndGlobalSection
	GlobalSection(ProjectConfigurationPlatforms) = postSolution
		{B66DFD11-2130-4F62-8277-BE73BED79BD2}.Debug|Any CPU.ActiveCfg = Debug|Any CPU
		{B66DFD11-2130-4F62-8277-BE73BED79BD2}.Debug|Any CPU.Build.0 = Debug|Any CPU
		{B66DFD11-2130-4F62-8277-BE73BED79BD2}.Release|Any CPU.ActiveCfg = Release|Any CPU
		{B66DFD11-2130-4F62-8277-BE73BED79BD2}.Release|Any CPU.Build.0 = Release|Any CPU
		{AEA59B0E-68F8-48E6-9CF6-086578B5211E}.Debug|Any CPU.ActiveCfg = Debug|Any CPU
		{AEA59B0E-68F8-48E6-9CF6-086578B5211E}.Debug|Any CPU.Build.0 = Debug|Any CPU
		{AEA59B0E-68F8-48E6-9CF6-086578B5211E}.Release|Any CPU.ActiveCfg = Release|Any CPU
		{AEA59B0E-68F8-48E6-9CF6-086578B5211E}.Release|Any CPU.Build.0 = Release|Any CPU
		{5F33E219-1838-4114-9107-C98C8CF006EC}.Debug|Any CPU.ActiveCfg = Debug|Any CPU
		{5F33E219-1838-4114-9107-C98C8CF006EC}.Debug|Any CPU.Build.0 = Debug|Any CPU
		{5F33E219-1838-4114-9107-C98C8CF006EC}.Release|Any CPU.ActiveCfg = Release|Any CPU
		{5F33E219-1838-4114-9107-C98C8CF006EC}.Release|Any CPU.Build.0 = Release|Any CPU
	EndGlobalSection
	GlobalSection(SolutionProperties) = preSolution
		HideSolutionNode = FALSE
	EndGlobalSection
	GlobalSection(ExtensibilityGlobals) = postSolution
		SolutionGuid = {EE6C276A-FBB3-4890-8318-29240FFD560D}
	EndGlobalSection
EndGlobal
